
Microsoft Visual Studio Solution File, Format Version 12.00
# Visual Studio Version 17
VisualStudioVersion = 17.1.32120.378
MinimumVisualStudioVersion = 10.0.40219.1
Project("{9A19103F-16F7-4668-BE54-9A1E7A4F7556}") = "AovKeyHook", "AovKeyHook\AovKeyHook.csproj", "{74C905DA-B5E4-4EE1-8F41-9A7B1E4BBC6B}"
EndProject
Project("{2150E333-8FDC-42A3-9474-1A3956D46DE8}") = "External", "External", "{18B6A494-7D48-4142-AC36-EA088EEDF5E1}"
EndProject
Project("{9A19103F-16F7-4668-BE54-9A1E7A4F7556}") = "MouseKeyHook", "External\globalmousekeyhook\MouseKeyHook\MouseKeyHook.csproj", "{8132A159-0485-469A-AE1E-BEDD62FBC2FC}"
EndProject
Global
	GlobalSection(SolutionConfigurationPlatforms) = preSolution
		Debug|Any CPU = Debug|Any CPU
		Release|Any CPU = Release|Any CPU
	EndGlobalSection
	GlobalSection(ProjectConfigurationPlatforms) = postSolution
		{74C905DA-B5E4-4EE1-8F41-9A7B1E4BBC6B}.Debug|Any CPU.ActiveCfg = Debug|Any CPU
		{74C905DA-B5E4-4EE1-8F41-9A7B1E4BBC6B}.Debug|Any CPU.Build.0 = Debug|Any CPU
		{74C905DA-B5E4-4EE1-8F41-9A7B1E4BBC6B}.Release|Any CPU.ActiveCfg = Release|Any CPU
		{74C905DA-B5E4-4EE1-8F41-9A7B1E4BBC6B}.Release|Any CPU.Build.0 = Release|Any CPU
		{8132A159-0485-469A-AE1E-BEDD62FBC2FC}.Debug|Any CPU.ActiveCfg = Debug|Any CPU
		{8132A159-0485-469A-AE1E-BEDD62FBC2FC}.Debug|Any CPU.Build.0 = Debug|Any CPU
		{8132A159-0485-469A-AE1E-BEDD62FBC2FC}.Release|Any CPU.ActiveCfg = Release|Any CPU
		{8132A159-0485-469A-AE1E-BEDD62FBC2FC}.Release|Any CPU.Build.0 = Release|Any CPU
	EndGlobalSection
	GlobalSection(SolutionProperties) = preSolution
		HideSolutionNode = FALSE
	EndGlobalSection
	GlobalSection(NestedProjects) = preSolution
		{8132A159-0485-469A-AE1E-BEDD62FBC2FC} = {18B6A494-7D48-4142-AC36-EA088EEDF5E1}
	EndGlobalSection
	GlobalSection(ExtensibilityGlobals) = postSolution
		SolutionGuid = {9EF08E98-ADE7-438E-8EA8-FE91F4D2B00E}
	EndGlobalSection
EndGlobal
